// !$*UTF8*$!
{
	archiveVersion = 1;
	classes = {
	};
	objectVersion = 46;
	objects = {

/* Begin PBXBuildFile section */
		8545DA521DD73A6F00A3E535 /* AppDelegate.swift in Sources */ = {isa = PBXBuildFile; fileRef = 8545DA511DD73A6F00A3E535 /* AppDelegate.swift */; };
		8545DA541DD73A6F00A3E535 /* ViewController.swift in Sources */ = {isa = PBXBuildFile; fileRef = 8545DA531DD73A6F00A3E535 /* ViewController.swift */; };
		8545DA571DD73A6F00A3E535 /* Main.storyboard in Resources */ = {isa = PBXBuildFile; fileRef = 8545DA551DD73A6F00A3E535 /* Main.storyboard */; };
		8545DA5A1DD73A6F00A3E535 /* iQuoteJar.xcdatamodeld in Sources */ = {isa = PBXBuildFile; fileRef = 8545DA581DD73A6F00A3E535 /* iQuoteJar.xcdatamodeld */; };
		8545DA5C1DD73A6F00A3E535 /* Assets.xcassets in Resources */ = {isa = PBXBuildFile; fileRef = 8545DA5B1DD73A6F00A3E535 /* Assets.xcassets */; };
		8545DA5F1DD73A6F00A3E535 /* LaunchScreen.storyboard in Resources */ = {isa = PBXBuildFile; fileRef = 8545DA5D1DD73A6F00A3E535 /* LaunchScreen.storyboard */; };
		8545DA6A1DD73A7000A3E535 /* iQuoteJarTests.swift in Sources */ = {isa = PBXBuildFile; fileRef = 8545DA691DD73A7000A3E535 /* iQuoteJarTests.swift */; };
		8545DA751DD73AC700A3E535 /* Quote.swift in Sources */ = {isa = PBXBuildFile; fileRef = 8545DA741DD73AC700A3E535 /* Quote.swift */; };
		8545DA771DD73C8000A3E535 /* ViewQuoteTableViewController.swift in Sources */ = {isa = PBXBuildFile; fileRef = 8545DA761DD73C8000A3E535 /* ViewQuoteTableViewController.swift */; };
		8545DA791DD73EB700A3E535 /* EditQuoteViewController.swift in Sources */ = {isa = PBXBuildFile; fileRef = 8545DA781DD73EB700A3E535 /* EditQuoteViewController.swift */; };
		8545DA7B1DD73EDD00A3E535 /* QuoteDataModel.swift in Sources */ = {isa = PBXBuildFile; fileRef = 8545DA7A1DD73EDD00A3E535 /* QuoteDataModel.swift */; };
		8545DA7D1DDC85D200A3E535 /* Tag.swift in Sources */ = {isa = PBXBuildFile; fileRef = 8545DA7C1DDC85D200A3E535 /* Tag.swift */; };
		8577F3DA1DDF2B110086492B /* QuoteTableViewCell.swift in Sources */ = {isa = PBXBuildFile; fileRef = 8577F3D91DDF2B110086492B /* QuoteTableViewCell.swift */; };
		85A855631DE1FEA30032F74C /* SwiftyJSON.swift in Sources */ = {isa = PBXBuildFile; fileRef = 85A855621DE1FEA30032F74C /* SwiftyJSON.swift */; };
		85A855651DE1FEC10032F74C /* LoginModel.swift in Sources */ = {isa = PBXBuildFile; fileRef = 85A855641DE1FEC10032F74C /* LoginModel.swift */; };
		85CA4D741DF1B87700CAD249 /* AddUserViewController.swift in Sources */ = {isa = PBXBuildFile; fileRef = 85CA4D731DF1B87700CAD249 /* AddUserViewController.swift */; };
/* End PBXBuildFile section */

/* Begin PBXContainerItemProxy section */
		8545DA661DD73A6F00A3E535 /* PBXContainerItemProxy */ = {
			isa = PBXContainerItemProxy;
			containerPortal = 8545DA461DD73A6F00A3E535 /* Project object */;
			proxyType = 1;
			remoteGlobalIDString = 8545DA4D1DD73A6F00A3E535;
			remoteInfo = iQuoteJar;
		};
/* End PBXContainerItemProxy section */

/* Begin PBXFileReference section */
		8545DA4E1DD73A6F00A3E535 /* iQuoteJar.app */ = {isa = PBXFileReference; explicitFileType = wrapper.application; includeInIndex = 0; path = iQuoteJar.app; sourceTree = BUILT_PRODUCTS_DIR; };
		8545DA511DD73A6F00A3E535 /* AppDelegate.swift */ = {isa = PBXFileReference; lastKnownFileType = sourcecode.swift; path = AppDelegate.swift; sourceTree = "<group>"; };
		8545DA531DD73A6F00A3E535 /* ViewController.swift */ = {isa = PBXFileReference; lastKnownFileType = sourcecode.swift; path = ViewController.swift; sourceTree = "<group>"; };
		8545DA561DD73A6F00A3E535 /* Base */ = {isa = PBXFileReference; lastKnownFileType = file.storyboard; name = Base; path = Base.lproj/Main.storyboard; sourceTree = "<group>"; };
		8545DA591DD73A6F00A3E535 /* iQuoteJar.xcdatamodel */ = {isa = PBXFileReference; lastKnownFileType = wrapper.xcdatamodel; path = iQuoteJar.xcdatamodel; sourceTree = "<group>"; };
		8545DA5B1DD73A6F00A3E535 /* Assets.xcassets */ = {isa = PBXFileReference; lastKnownFileType = folder.assetcatalog; path = Assets.xcassets; sourceTree = "<group>"; };
		8545DA5E1DD73A6F00A3E535 /* Base */ = {isa = PBXFileReference; lastKnownFileType = file.storyboard; name = Base; path = Base.lproj/LaunchScreen.storyboard; sourceTree = "<group>"; };
		8545DA601DD73A6F00A3E535 /* Info.plist */ = {isa = PBXFileReference; lastKnownFileType = text.plist.xml; path = Info.plist; sourceTree = "<group>"; };
		8545DA651DD73A6F00A3E535 /* iQuoteJarTests.xctest */ = {isa = PBXFileReference; explicitFileType = wrapper.cfbundle; includeInIndex = 0; path = iQuoteJarTests.xctest; sourceTree = BUILT_PRODUCTS_DIR; };
		8545DA691DD73A7000A3E535 /* iQuoteJarTests.swift */ = {isa = PBXFileReference; lastKnownFileType = sourcecode.swift; path = iQuoteJarTests.swift; sourceTree = "<group>"; };
		8545DA6B1DD73A7000A3E535 /* Info.plist */ = {isa = PBXFileReference; lastKnownFileType = text.plist.xml; path = Info.plist; sourceTree = "<group>"; };
		8545DA741DD73AC700A3E535 /* Quote.swift */ = {isa = PBXFileReference; fileEncoding = 4; lastKnownFileType = sourcecode.swift; path = Quote.swift; sourceTree = "<group>"; };
		8545DA761DD73C8000A3E535 /* ViewQuoteTableViewController.swift */ = {isa = PBXFileReference; fileEncoding = 4; lastKnownFileType = sourcecode.swift; path = ViewQuoteTableViewController.swift; sourceTree = "<group>"; };
		8545DA781DD73EB700A3E535 /* EditQuoteViewController.swift */ = {isa = PBXFileReference; fileEncoding = 4; lastKnownFileType = sourcecode.swift; path = EditQuoteViewController.swift; sourceTree = "<group>"; };
		8545DA7A1DD73EDD00A3E535 /* QuoteDataModel.swift */ = {isa = PBXFileReference; fileEncoding = 4; lastKnownFileType = sourcecode.swift; path = QuoteDataModel.swift; sourceTree = "<group>"; };
		8545DA7C1DDC85D200A3E535 /* Tag.swift */ = {isa = PBXFileReference; fileEncoding = 4; lastKnownFileType = sourcecode.swift; path = Tag.swift; sourceTree = "<group>"; };
		8577F3D91DDF2B110086492B /* QuoteTableViewCell.swift */ = {isa = PBXFileReference; fileEncoding = 4; lastKnownFileType = sourcecode.swift; path = QuoteTableViewCell.swift; sourceTree = "<group>"; };
		85A855621DE1FEA30032F74C /* SwiftyJSON.swift */ = {isa = PBXFileReference; fileEncoding = 4; lastKnownFileType = sourcecode.swift; path = SwiftyJSON.swift; sourceTree = "<group>"; };
		85A855641DE1FEC10032F74C /* LoginModel.swift */ = {isa = PBXFileReference; fileEncoding = 4; lastKnownFileType = sourcecode.swift; name = LoginModel.swift; path = ../LoginModel.swift; sourceTree = "<group>"; };
		85CA4D731DF1B87700CAD249 /* AddUserViewController.swift */ = {isa = PBXFileReference; fileEncoding = 4; lastKnownFileType = sourcecode.swift; path = AddUserViewController.swift; sourceTree = "<group>"; };
/* End PBXFileReference section */

/* Begin PBXFrameworksBuildPhase section */
		8545DA4B1DD73A6F00A3E535 /* Frameworks */ = {
			isa = PBXFrameworksBuildPhase;
			buildActionMask = 2147483647;
			files = (
			);
			runOnlyForDeploymentPostprocessing = 0;
		};
		8545DA621DD73A6F00A3E535 /* Frameworks */ = {
			isa = PBXFrameworksBuildPhase;
			buildActionMask = 2147483647;
			files = (
			);
			runOnlyForDeploymentPostprocessing = 0;
		};
/* End PBXFrameworksBuildPhase section */

/* Begin PBXGroup section */
		8545DA451DD73A6F00A3E535 = {
			isa = PBXGroup;
			children = (
				8545DA501DD73A6F00A3E535 /* iQuoteJar */,
				8545DA681DD73A6F00A3E535 /* iQuoteJarTests */,
				8545DA4F1DD73A6F00A3E535 /* Products */,
			);
			sourceTree = "<group>";
		};
		8545DA4F1DD73A6F00A3E535 /* Products */ = {
			isa = PBXGroup;
			children = (
				8545DA4E1DD73A6F00A3E535 /* iQuoteJar.app */,
				8545DA651DD73A6F00A3E535 /* iQuoteJarTests.xctest */,
			);
			name = Products;
			sourceTree = "<group>";
		};
		8545DA501DD73A6F00A3E535 /* iQuoteJar */ = {
			isa = PBXGroup;
			children = (
				8545DA511DD73A6F00A3E535 /* AppDelegate.swift */,
				8545DA531DD73A6F00A3E535 /* ViewController.swift */,
				8545DA5B1DD73A6F00A3E535 /* Assets.xcassets */,
				8545DA5D1DD73A6F00A3E535 /* LaunchScreen.storyboard */,
				8545DA601DD73A6F00A3E535 /* Info.plist */,
				85A855661DE2006A0032F74C /* New Group */,
				85A855621DE1FEA30032F74C /* SwiftyJSON.swift */,
				85A855641DE1FEC10032F74C /* LoginModel.swift */,
				8545DA551DD73A6F00A3E535 /* Main.storyboard */,
				8577F3D91DDF2B110086492B /* QuoteTableViewCell.swift */,
				8545DA761DD73C8000A3E535 /* ViewQuoteTableViewController.swift */,
				8545DA781DD73EB700A3E535 /* EditQuoteViewController.swift */,
				8545DA7A1DD73EDD00A3E535 /* QuoteDataModel.swift */,
				8545DA741DD73AC700A3E535 /* Quote.swift */,
				8545DA7C1DDC85D200A3E535 /* Tag.swift */,
				8545DA581DD73A6F00A3E535 /* iQuoteJar.xcdatamodeld */,
				85CA4D731DF1B87700CAD249 /* AddUserViewController.swift */,
			);
			path = iQuoteJar;
			sourceTree = "<group>";
		};
		8545DA681DD73A6F00A3E535 /* iQuoteJarTests */ = {
			isa = PBXGroup;
			children = (
				8545DA691DD73A7000A3E535 /* iQuoteJarTests.swift */,
				8545DA6B1DD73A7000A3E535 /* Info.plist */,
			);
			path = iQuoteJarTests;
			sourceTree = "<group>";
		};
		85A855661DE2006A0032F74C /* New Group */ = {
			isa = PBXGroup;
			children = (
			);
			name = "New Group";
			sourceTree = "<group>";
		};
/* End PBXGroup section */

/* Begin PBXNativeTarget section */
		8545DA4D1DD73A6F00A3E535 /* iQuoteJar */ = {
			isa = PBXNativeTarget;
			buildConfigurationList = 8545DA6E1DD73A7000A3E535 /* Build configuration list for PBXNativeTarget "iQuoteJar" */;
			buildPhases = (
				8545DA4A1DD73A6F00A3E535 /* Sources */,
				8545DA4B1DD73A6F00A3E535 /* Frameworks */,
				8545DA4C1DD73A6F00A3E535 /* Resources */,
			);
			buildRules = (
			);
			dependencies = (
			);
			name = iQuoteJar;
			productName = iQuoteJar;
			productReference = 8545DA4E1DD73A6F00A3E535 /* iQuoteJar.app */;
			productType = "com.apple.product-type.application";
		};
		8545DA641DD73A6F00A3E535 /* iQuoteJarTests */ = {
			isa = PBXNativeTarget;
			buildConfigurationList = 8545DA711DD73A7000A3E535 /* Build configuration list for PBXNativeTarget "iQuoteJarTests" */;
			buildPhases = (
				8545DA611DD73A6F00A3E535 /* Sources */,
				8545DA621DD73A6F00A3E535 /* Frameworks */,
				8545DA631DD73A6F00A3E535 /* Resources */,
			);
			buildRules = (
			);
			dependencies = (
				8545DA671DD73A6F00A3E535 /* PBXTargetDependency */,
			);
			name = iQuoteJarTests;
			productName = iQuoteJarTests;
			productReference = 8545DA651DD73A6F00A3E535 /* iQuoteJarTests.xctest */;
			productType = "com.apple.product-type.bundle.unit-test";
		};
/* End PBXNativeTarget section */

/* Begin PBXProject section */
		8545DA461DD73A6F00A3E535 /* Project object */ = {
			isa = PBXProject;
			attributes = {
				LastSwiftUpdateCheck = 0730;
				LastUpgradeCheck = 0730;
				ORGANIZATIONNAME = "BRAUER, BOBBY [AG/1155]";
				TargetAttributes = {
					8545DA4D1DD73A6F00A3E535 = {
						CreatedOnToolsVersion = 7.3.1;
					};
					8545DA641DD73A6F00A3E535 = {
						CreatedOnToolsVersion = 7.3.1;
						TestTargetID = 8545DA4D1DD73A6F00A3E535;
					};
				};
			};
			buildConfigurationList = 8545DA491DD73A6F00A3E535 /* Build configuration list for PBXProject "iQuoteJar" */;
			compatibilityVersion = "Xcode 3.2";
			developmentRegion = English;
			hasScannedForEncodings = 0;
			knownRegions = (
				en,
				Base,
			);
			mainGroup = 8545DA451DD73A6F00A3E535;
			productRefGroup = 8545DA4F1DD73A6F00A3E535 /* Products */;
			projectDirPath = "";
			projectRoot = "";
			targets = (
				8545DA4D1DD73A6F00A3E535 /* iQuoteJar */,
				8545DA641DD73A6F00A3E535 /* iQuoteJarTests */,
			);
		};
/* End PBXProject section */

/* Begin PBXResourcesBuildPhase section */
		8545DA4C1DD73A6F00A3E535 /* Resources */ = {
			isa = PBXResourcesBuildPhase;
			buildActionMask = 2147483647;
			files = (
				8545DA5F1DD73A6F00A3E535 /* LaunchScreen.storyboard in Resources */,
				8545DA5C1DD73A6F00A3E535 /* Assets.xcassets in Resources */,
				8545DA571DD73A6F00A3E535 /* Main.storyboard in Resources */,
			);
			runOnlyForDeploymentPostprocessing = 0;
		};
		8545DA631DD73A6F00A3E535 /* Resources */ = {
			isa = PBXResourcesBuildPhase;
			buildActionMask = 2147483647;
			files = (
			);
			runOnlyForDeploymentPostprocessing = 0;
		};
/* End PBXResourcesBuildPhase section */

/* Begin PBXSourcesBuildPhase section */
		8545DA4A1DD73A6F00A3E535 /* Sources */ = {
			isa = PBXSourcesBuildPhase;
			buildActionMask = 2147483647;
			files = (
				8545DA7D1DDC85D200A3E535 /* Tag.swift in Sources */,
				85CA4D741DF1B87700CAD249 /* AddUserViewController.swift in Sources */,
				8545DA751DD73AC700A3E535 /* Quote.swift in Sources */,
				8545DA541DD73A6F00A3E535 /* ViewController.swift in Sources */,
				85A855651DE1FEC10032F74C /* LoginModel.swift in Sources */,
				85A855631DE1FEA30032F74C /* SwiftyJSON.swift in Sources */,
				8545DA521DD73A6F00A3E535 /* AppDelegate.swift in Sources */,
				8545DA5A1DD73A6F00A3E535 /* iQuoteJar.xcdatamodeld in Sources */,
				8577F3DA1DDF2B110086492B /* QuoteTableViewCell.swift in Sources */,
				8545DA7B1DD73EDD00A3E535 /* QuoteDataModel.swift in Sources */,
				8545DA771DD73C8000A3E535 /* ViewQuoteTableViewController.swift in Sources */,
				8545DA791DD73EB700A3E535 /* EditQuoteViewController.swift in Sources */,
			);
			runOnlyForDeploymentPostprocessing = 0;
		};
		8545DA611DD73A6F00A3E535 /* Sources */ = {
			isa = PBXSourcesBuildPhase;
			buildActionMask = 2147483647;
			files = (
				8545DA6A1DD73A7000A3E535 /* iQuoteJarTests.swift in Sources */,
			);
			runOnlyForDeploymentPostprocessing = 0;
		};
/* End PBXSourcesBuildPhase section */

/* Begin PBXTargetDependency section */
		8545DA671DD73A6F00A3E535 /* PBXTargetDependency */ = {
			isa = PBXTargetDependency;
			target = 8545DA4D1DD73A6F00A3E535 /* iQuoteJar */;
			targetProxy = 8545DA661DD73A6F00A3E535 /* PBXContainerItemProxy */;
		};
/* End PBXTargetDependency section */

/* Begin PBXVariantGroup section */
		8545DA551DD73A6F00A3E535 /* Main.storyboard */ = {
			isa = PBXVariantGroup;
			children = (
				8545DA561DD73A6F00A3E535 /* Base */,
			);
			name = Main.storyboard;
			sourceTree = "<group>";
		};
		8545DA5D1DD73A6F00A3E535 /* LaunchScreen.storyboard */ = {
			isa = PBXVariantGroup;
			children = (
				8545DA5E1DD73A6F00A3E535 /* Base */,
			);
			name = LaunchScreen.storyboard;
			sourceTree = "<group>";
		};
/* End PBXVariantGroup section */

/* Begin XCBuildConfiguration section */
		8545DA6C1DD73A7000A3E535 /* Debug */ = {
			isa = XCBuildConfiguration;
			buildSettings = {
				ALWAYS_SEARCH_USER_PATHS = NO;
				CLANG_ANALYZER_NONNULL = YES;
				CLANG_CXX_LANGUAGE_STANDARD = "gnu++0x";
				CLANG_CXX_LIBRARY = "libc++";
				CLANG_ENABLE_MODULES = YES;
				CLANG_ENABLE_OBJC_ARC = YES;
				CLANG_WARN_BOOL_CONVERSION = YES;
				CLANG_WARN_CONSTANT_CONVERSION = YES;
				CLANG_WARN_DIRECT_OBJC_ISA_USAGE = YES_ERROR;
				CLANG_WARN_EMPTY_BODY = YES;
				CLANG_WARN_ENUM_CONVERSION = YES;
				CLANG_WARN_INT_CONVERSION = YES;
				CLANG_WARN_OBJC_ROOT_CLASS = YES_ERROR;
				CLANG_WARN_UNREACHABLE_CODE = YES;
				CLANG_WARN__DUPLICATE_METHOD_MATCH = YES;
				"CODE_SIGN_IDENTITY[sdk=iphoneos*]" = "iPhone Developer";
				COPY_PHASE_STRIP = NO;
				DEBUG_INFORMATION_FORMAT = dwarf;
				ENABLE_STRICT_OBJC_MSGSEND = YES;
				ENABLE_TESTABILITY = YES;
				GCC_C_LANGUAGE_STANDARD = gnu99;
				GCC_DYNAMIC_NO_PIC = NO;
				GCC_NO_COMMON_BLOCKS = YES;
				GCC_OPTIMIZATION_LEVEL = 0;
				GCC_PREPROCESSOR_DEFINITIONS = (
					"DEBUG=1",
					"$(inherited)",
				);
				GCC_WARN_64_TO_32_BIT_CONVERSION = YES;
				GCC_WARN_ABOUT_RETURN_TYPE = YES_ERROR;
				GCC_WARN_UNDECLARED_SELECTOR = YES;
				GCC_WARN_UNINITIALIZED_AUTOS = YES_AGGRESSIVE;
				GCC_WARN_UNUSED_FUNCTION = YES;
				GCC_WARN_UNUSED_VARIABLE = YES;
				IPHONEOS_DEPLOYMENT_TARGET = 9.3;
				MTL_ENABLE_DEBUG_INFO = YES;
				ONLY_ACTIVE_ARCH = YES;
				SDKROOT = iphoneos;
				SWIFT_OPTIMIZATION_LEVEL = "-Onone";
				TARGETED_DEVICE_FAMILY = "1,2";
			};
			name = Debug;
		};
		8545DA6D1DD73A7000A3E535 /* Release */ = {
			isa = XCBuildConfiguration;
			buildSettings = {
				ALWAYS_SEARCH_USER_PATHS = NO;
				CLANG_ANALYZER_NONNULL = YES;
				CLANG_CXX_LANGUAGE_STANDARD = "gnu++0x";
				CLANG_CXX_LIBRARY = "libc++";
				CLANG_ENABLE_MODULES = YES;
				CLANG_ENABLE_OBJC_ARC = YES;
				CLANG_WARN_BOOL_CONVERSION = YES;
				CLANG_WARN_CONSTANT_CONVERSION = YES;
				CLANG_WARN_DIRECT_OBJC_ISA_USAGE = YES_ERROR;
				CLANG_WARN_EMPTY_BODY = YES;
				CLANG_WARN_ENUM_CONVERSION = YES;
				CLANG_WARN_INT_CONVERSION = YES;
				CLANG_WARN_OBJC_ROOT_CLASS = YES_ERROR;
				CLANG_WARN_UNREACHABLE_CODE = YES;
				CLANG_WARN__DUPLICATE_METHOD_MATCH = YES;
				"CODE_SIGN_IDENTITY[sdk=iphoneos*]" = "iPhone Developer";
				COPY_PHASE_STRIP = NO;
				DEBUG_INFORMATION_FORMAT = "dwarf-with-dsym";
				ENABLE_NS_ASSERTIONS = NO;
				ENABLE_STRICT_OBJC_MSGSEND = YES;
				GCC_C_LANGUAGE_STANDARD = gnu99;
				GCC_NO_COMMON_BLOCKS = YES;
				GCC_WARN_64_TO_32_BIT_CONVERSION = YES;
				GCC_WARN_ABOUT_RETURN_TYPE = YES_ERROR;
				GCC_WARN_UNDECLARED_SELECTOR = YES;
				GCC_WARN_UNINITIALIZED_AUTOS = YES_AGGRESSIVE;
				GCC_WARN_UNUSED_FUNCTION = YES;
				GCC_WARN_UNUSED_VARIABLE = YES;
				IPHONEOS_DEPLOYMENT_TARGET = 9.3;
				MTL_ENABLE_DEBUG_INFO = NO;
				SDKROOT = iphoneos;
				TARGETED_DEVICE_FAMILY = "1,2";
				VALIDATE_PRODUCT = YES;
			};
			name = Release;
		};
		8545DA6F1DD73A7000A3E535 /* Debug */ = {
			isa = XCBuildConfiguration;
			buildSettings = {
				ASSETCATALOG_COMPILER_APPICON_NAME = AppIcon;
				INFOPLIST_FILE = iQuoteJar/Info.plist;
				LD_RUNPATH_SEARCH_PATHS = "$(inherited) @executable_path/Frameworks";
				PRODUCT_BUNDLE_IDENTIFIER = com.monsanto.NeXT.iQuoteJar;
				PRODUCT_NAME = "$(TARGET_NAME)";
			};
			name = Debug;
		};
		8545DA701DD73A7000A3E535 /* Release */ = {
			isa = XCBuildConfiguration;
			buildSettings = {
				ASSETCATALOG_COMPILER_APPICON_NAME = AppIcon;
				INFOPLIST_FILE = iQuoteJar/Info.plist;
				LD_RUNPATH_SEARCH_PATHS = "$(inherited) @executable_path/Frameworks";
				PRODUCT_BUNDLE_IDENTIFIER = com.monsanto.NeXT.iQuoteJar;
				PRODUCT_NAME = "$(TARGET_NAME)";
			};
			name = Release;
		};
		8545DA721DD73A7000A3E535 /* Debug */ = {
			isa = XCBuildConfiguration;
			buildSettings = {
				BUNDLE_LOADER = "$(TEST_HOST)";
				INFOPLIST_FILE = iQuoteJarTests/Info.plist;
				LD_RUNPATH_SEARCH_PATHS = "$(inherited) @executable_path/Frameworks @loader_path/Frameworks";
				PRODUCT_BUNDLE_IDENTIFIER = com.monsanto.NeXT.iQuoteJarTests;
				PRODUCT_NAME = "$(TARGET_NAME)";
				TEST_HOST = "$(BUILT_PRODUCTS_DIR)/iQuoteJar.app/iQuoteJar";
			};
			name = Debug;
		};
		8545DA731DD73A7000A3E535 /* Release */ = {
			isa = XCBuildConfiguration;
			buildSettings = {
				BUNDLE_LOADER = "$(TEST_HOST)";
				INFOPLIST_FILE = iQuoteJarTests/Info.plist;
				LD_RUNPATH_SEARCH_PATHS = "$(inherited) @executable_path/Frameworks @loader_path/Frameworks";
				PRODUCT_BUNDLE_IDENTIFIER = com.monsanto.NeXT.iQuoteJarTests;
				PRODUCT_NAME = "$(TARGET_NAME)";
				TEST_HOST = "$(BUILT_PRODUCTS_DIR)/iQuoteJar.app/iQuoteJar";
			};
			name = Release;
		};
/* End XCBuildConfiguration section */

/* Begin XCConfigurationList section */
		8545DA491DD73A6F00A3E535 /* Build configuration list for PBXProject "iQuoteJar" */ = {
			isa = XCConfigurationList;
			buildConfigurations = (
				8545DA6C1DD73A7000A3E535 /* Debug */,
				8545DA6D1DD73A7000A3E535 /* Release */,
			);
			defaultConfigurationIsVisible = 0;
			defaultConfigurationName = Release;
		};
		8545DA6E1DD73A7000A3E535 /* Build configuration list for PBXNativeTarget "iQuoteJar" */ = {
			isa = XCConfigurationList;
			buildConfigurations = (
				8545DA6F1DD73A7000A3E535 /* Debug */,
				8545DA701DD73A7000A3E535 /* Release */,
			);
			defaultConfigurationIsVisible = 0;
			defaultConfigurationName = Release;
		};
		8545DA711DD73A7000A3E535 /* Build configuration list for PBXNativeTarget "iQuoteJarTests" */ = {
			isa = XCConfigurationList;
			buildConfigurations = (
				8545DA721DD73A7000A3E535 /* Debug */,
				8545DA731DD73A7000A3E535 /* Release */,
			);
			defaultConfigurationIsVisible = 0;
			defaultConfigurationName = Release;
		};
/* End XCConfigurationList section */

/* Begin XCVersionGroup section */
		8545DA581DD73A6F00A3E535 /* iQuoteJar.xcdatamodeld */ = {
			isa = XCVersionGroup;
			children = (
				8545DA591DD73A6F00A3E535 /* iQuoteJar.xcdatamodel */,
			);
			currentVersion = 8545DA591DD73A6F00A3E535 /* iQuoteJar.xcdatamodel */;
			path = iQuoteJar.xcdatamodeld;
			sourceTree = "<group>";
			versionGroupType = wrapper.xcdatamodel;
		};
/* End XCVersionGroup section */
	};
	rootObject = 8545DA461DD73A6F00A3E535 /* Project object */;
}
